
Microsoft Visual Studio Solution File, Format Version 9.00
# Visual Studio 2005
Project("{E24C65DC-7377-472B-9ABA-BC803B73C61A}") = "E:\downcode\formValidator3.3\", ".", "{DBDDA1A4-13B9-4D68-8AD9-70A6BDB6E8DA}"
	ProjectSection(WebsiteProperties) = preProject
		Debug.AspNetCompiler.VirtualPath = "/formValidator3.3"
		Debug.AspNetCompiler.PhysicalPath = "E:\downcode\formValidator3.3\"
		Debug.AspNetCompiler.TargetPath = "PrecompiledWeb\formValidator3.3\"
		Debug.AspNetCompiler.Updateable = "true"
		Debug.AspNetCompiler.ForceOverwrite = "true"
		Debug.AspNetCompiler.FixedNames = "false"
		Debug.AspNetCompiler.Debug = "True"
		Release.AspNetCompiler.VirtualPath = "/formValidator3.3"
		Release.AspNetCompiler.PhysicalPath = "E:\downcode\formValidator3.3\"
		Release.AspNetCompiler.TargetPath = "PrecompiledWeb\formValidator3.3\"
		Release.AspNetCompiler.Updateable = "true"
		Release.AspNetCompiler.ForceOverwrite = "true"
		Release.AspNetCompiler.FixedNames = "false"
		Release.AspNetCompiler.Debug = "False"
		VWDPort = "6274"
		VWDVirtualPath = "/"
	EndProjectSection
EndProject
Global
	GlobalSection(SolutionConfigurationPlatforms) = preSolution
		Debug|.NET = Debug|.NET
	EndGlobalSection
	GlobalSection(ProjectConfigurationPlatforms) = postSolution
		{DBDDA1A4-13B9-4D68-8AD9-70A6BDB6E8DA}.Debug|.NET.ActiveCfg = Debug|.NET
		{DBDDA1A4-13B9-4D68-8AD9-70A6BDB6E8DA}.Debug|.NET.Build.0 = Debug|.NET
	EndGlobalSection
	GlobalSection(SolutionProperties) = preSolution
		HideSolutionNode = FALSE
	EndGlobalSection
EndGlobal
